
Microsoft Visual Studio Solution File, Format Version 12.00
# Visual Studio Express 2013 for Windows Desktop
VisualStudioVersion = 12.0.20827.3
MinimumVisualStudioVersion = 10.0.40219.1
Project("{F184B08F-C81C-45F6-A57F-5ABD9991F28F}") = "Calculadora Binario", "Calculadora Binario\Calculadora Binario.vbproj", "{D62AD387-E004-4BBF-B4AC-DC2A85C406D7}"
EndProject
Global
	GlobalSection(SolutionConfigurationPlatforms) = preSolution
		Debug|Any CPU = Debug|Any CPU
		Release|Any CPU = Release|Any CPU
	EndGlobalSection
	GlobalSection(ProjectConfigurationPlatforms) = postSolution
		{D62AD387-E004-4BBF-B4AC-DC2A85C406D7}.Debug|Any CPU.ActiveCfg = Debug|Any CPU
		{D62AD387-E004-4BBF-B4AC-DC2A85C406D7}.Debug|Any CPU.Build.0 = Debug|Any CPU
		{D62AD387-E004-4BBF-B4AC-DC2A85C406D7}.Release|Any CPU.ActiveCfg = Release|Any CPU
		{D62AD387-E004-4BBF-B4AC-DC2A85C406D7}.Release|Any CPU.Build.0 = Release|Any CPU
	EndGlobalSection
	GlobalSection(SolutionProperties) = preSolution
		HideSolutionNode = FALSE
	EndGlobalSection
EndGlobal
